
Microsoft Visual Studio Solution File, Format Version 12.00
# Visual Studio Express 2012 for Windows Phone
Project("{FAE04EC0-301F-11D3-BF4B-00C04F79EFBC}") = "WhatsShakingNZ", "WhatsShakingNZ\WhatsShakingNZ.csproj", "{CC421D2A-665C-41C3-9AE1-85E85CBC0D37}"
EndProject
Project("{FAE04EC0-301F-11D3-BF4B-00C04F79EFBC}") = "ScheduledTaskAgent1", "ScheduledTaskAgent1\ScheduledTaskAgent1.csproj", "{9A13DCDD-7C15-4D21-8A60-775D5DADC9FC}"
EndProject
Project("{FAE04EC0-301F-11D3-BF4B-00C04F79EFBC}") = "GeonetHelper", "GeonetHelper\GeonetHelper.csproj", "{4321B8F9-A2FE-4751-85FB-F2C29F368301}"
EndProject
Project("{FAE04EC0-301F-11D3-BF4B-00C04F79EFBC}") = "Settings", "Settings\Settings.csproj", "{BCEFF84C-A535-4556-AA0D-B88F8C258F93}"
EndProject
Project("{FAE04EC0-301F-11D3-BF4B-00C04F79EFBC}") = "Localization", "Localization\Localization.csproj", "{51595D04-9DA7-4C5E-BB96-9E01B4BB5BF6}"
EndProject
Project("{FAE04EC0-301F-11D3-BF4B-00C04F79EFBC}") = "WhatsShakingNZ.Tests", "WhatsShakingNZ.Tests\WhatsShakingNZ.Tests.csproj", "{09E48BBE-2BA6-4099-B215-DE2986C4AFEB}"
EndProject
Project("{FAE04EC0-301F-11D3-BF4B-00C04F79EFBC}") = "HttpWebAdapters", "HttpWebAdapters\HttpWebAdapters.csproj", "{A5F1800E-043C-4DF3-A6DC-494C8A2F001E}"
EndProject
Global
	GlobalSection(SolutionConfigurationPlatforms) = preSolution
		Debug|Any CPU = Debug|Any CPU
		Debug|ARM = Debug|ARM
		Debug|x86 = Debug|x86
		Release|Any CPU = Release|Any CPU
		Release|ARM = Release|ARM
		Release|x86 = Release|x86
	EndGlobalSection
	GlobalSection(ProjectConfigurationPlatforms) = postSolution
		{CC421D2A-665C-41C3-9AE1-85E85CBC0D37}.Debug|Any CPU.ActiveCfg = Debug|Any CPU
		{CC421D2A-665C-41C3-9AE1-85E85CBC0D37}.Debug|Any CPU.Build.0 = Debug|Any CPU
		{CC421D2A-665C-41C3-9AE1-85E85CBC0D37}.Debug|Any CPU.Deploy.0 = Debug|Any CPU
		{CC421D2A-665C-41C3-9AE1-85E85CBC0D37}.Debug|ARM.ActiveCfg = Debug|ARM
		{CC421D2A-665C-41C3-9AE1-85E85CBC0D37}.Debug|ARM.Build.0 = Debug|ARM
		{CC421D2A-665C-41C3-9AE1-85E85CBC0D37}.Debug|ARM.Deploy.0 = Debug|ARM
		{CC421D2A-665C-41C3-9AE1-85E85CBC0D37}.Debug|x86.ActiveCfg = Debug|x86
		{CC421D2A-665C-41C3-9AE1-85E85CBC0D37}.Debug|x86.Build.0 = Debug|x86
		{CC421D2A-665C-41C3-9AE1-85E85CBC0D37}.Debug|x86.Deploy.0 = Debug|x86
		{CC421D2A-665C-41C3-9AE1-85E85CBC0D37}.Release|Any CPU.ActiveCfg = Release|Any CPU
		{CC421D2A-665C-41C3-9AE1-85E85CBC0D37}.Release|Any CPU.Build.0 = Release|Any CPU
		{CC421D2A-665C-41C3-9AE1-85E85CBC0D37}.Release|Any CPU.Deploy.0 = Release|Any CPU
		{CC421D2A-665C-41C3-9AE1-85E85CBC0D37}.Release|ARM.ActiveCfg = Release|ARM
		{CC421D2A-665C-41C3-9AE1-85E85CBC0D37}.Release|ARM.Build.0 = Release|ARM
		{CC421D2A-665C-41C3-9AE1-85E85CBC0D37}.Release|ARM.Deploy.0 = Release|ARM
		{CC421D2A-665C-41C3-9AE1-85E85CBC0D37}.Release|x86.ActiveCfg = Release|x86
		{CC421D2A-665C-41C3-9AE1-85E85CBC0D37}.Release|x86.Build.0 = Release|x86
		{CC421D2A-665C-41C3-9AE1-85E85CBC0D37}.Release|x86.Deploy.0 = Release|x86
		{9A13DCDD-7C15-4D21-8A60-775D5DADC9FC}.Debug|Any CPU.ActiveCfg = Debug|Any CPU
		{9A13DCDD-7C15-4D21-8A60-775D5DADC9FC}.Debug|Any CPU.Build.0 = Debug|Any CPU
		{9A13DCDD-7C15-4D21-8A60-775D5DADC9FC}.Debug|ARM.ActiveCfg = Debug|ARM
		{9A13DCDD-7C15-4D21-8A60-775D5DADC9FC}.Debug|ARM.Build.0 = Debug|ARM
		{9A13DCDD-7C15-4D21-8A60-775D5DADC9FC}.Debug|x86.ActiveCfg = Debug|x86
		{9A13DCDD-7C15-4D21-8A60-775D5DADC9FC}.Debug|x86.Build.0 = Debug|x86
		{9A13DCDD-7C15-4D21-8A60-775D5DADC9FC}.Release|Any CPU.ActiveCfg = Release|Any CPU
		{9A13DCDD-7C15-4D21-8A60-775D5DADC9FC}.Release|Any CPU.Build.0 = Release|Any CPU
		{9A13DCDD-7C15-4D21-8A60-775D5DADC9FC}.Release|ARM.ActiveCfg = Release|ARM
		{9A13DCDD-7C15-4D21-8A60-775D5DADC9FC}.Release|ARM.Build.0 = Release|ARM
		{9A13DCDD-7C15-4D21-8A60-775D5DADC9FC}.Release|x86.ActiveCfg = Release|x86
		{9A13DCDD-7C15-4D21-8A60-775D5DADC9FC}.Release|x86.Build.0 = Release|x86
		{4321B8F9-A2FE-4751-85FB-F2C29F368301}.Debug|Any CPU.ActiveCfg = Debug|Any CPU
		{4321B8F9-A2FE-4751-85FB-F2C29F368301}.Debug|Any CPU.Build.0 = Debug|Any CPU
		{4321B8F9-A2FE-4751-85FB-F2C29F368301}.Debug|ARM.ActiveCfg = Debug|ARM
		{4321B8F9-A2FE-4751-85FB-F2C29F368301}.Debug|ARM.Build.0 = Debug|ARM
		{4321B8F9-A2FE-4751-85FB-F2C29F368301}.Debug|x86.ActiveCfg = Debug|x86
		{4321B8F9-A2FE-4751-85FB-F2C29F368301}.Debug|x86.Build.0 = Debug|x86
		{4321B8F9-A2FE-4751-85FB-F2C29F368301}.Release|Any CPU.ActiveCfg = Release|Any CPU
		{4321B8F9-A2FE-4751-85FB-F2C29F368301}.Release|Any CPU.Build.0 = Release|Any CPU
		{4321B8F9-A2FE-4751-85FB-F2C29F368301}.Release|ARM.ActiveCfg = Release|ARM
		{4321B8F9-A2FE-4751-85FB-F2C29F368301}.Release|ARM.Build.0 = Release|ARM
		{4321B8F9-A2FE-4751-85FB-F2C29F368301}.Release|x86.ActiveCfg = Release|x86
		{4321B8F9-A2FE-4751-85FB-F2C29F368301}.Release|x86.Build.0 = Release|x86
		{BCEFF84C-A535-4556-AA0D-B88F8C258F93}.Debug|Any CPU.ActiveCfg = Debug|Any CPU
		{BCEFF84C-A535-4556-AA0D-B88F8C258F93}.Debug|Any CPU.Build.0 = Debug|Any CPU
		{BCEFF84C-A535-4556-AA0D-B88F8C258F93}.Debug|ARM.ActiveCfg = Debug|ARM
		{BCEFF84C-A535-4556-AA0D-B88F8C258F93}.Debug|ARM.Build.0 = Debug|ARM
		{BCEFF84C-A535-4556-AA0D-B88F8C258F93}.Debug|x86.ActiveCfg = Debug|x86
		{BCEFF84C-A535-4556-AA0D-B88F8C258F93}.Debug|x86.Build.0 = Debug|x86
		{BCEFF84C-A535-4556-AA0D-B88F8C258F93}.Release|Any CPU.ActiveCfg = Release|Any CPU
		{BCEFF84C-A535-4556-AA0D-B88F8C258F93}.Release|Any CPU.Build.0 = Release|Any CPU
		{BCEFF84C-A535-4556-AA0D-B88F8C258F93}.Release|ARM.ActiveCfg = Release|ARM
		{BCEFF84C-A535-4556-AA0D-B88F8C258F93}.Release|ARM.Build.0 = Release|ARM
		{BCEFF84C-A535-4556-AA0D-B88F8C258F93}.Release|x86.ActiveCfg = Release|x86
		{BCEFF84C-A535-4556-AA0D-B88F8C258F93}.Release|x86.Build.0 = Release|x86
		{51595D04-9DA7-4C5E-BB96-9E01B4BB5BF6}.Debug|Any CPU.ActiveCfg = Debug|Any CPU
		{51595D04-9DA7-4C5E-BB96-9E01B4BB5BF6}.Debug|Any CPU.Build.0 = Debug|Any CPU
		{51595D04-9DA7-4C5E-BB96-9E01B4BB5BF6}.Debug|ARM.ActiveCfg = Debug|ARM
		{51595D04-9DA7-4C5E-BB96-9E01B4BB5BF6}.Debug|ARM.Build.0 = Debug|ARM
		{51595D04-9DA7-4C5E-BB96-9E01B4BB5BF6}.Debug|x86.ActiveCfg = Debug|x86
		{51595D04-9DA7-4C5E-BB96-9E01B4BB5BF6}.Debug|x86.Build.0 = Debug|x86
		{51595D04-9DA7-4C5E-BB96-9E01B4BB5BF6}.Release|Any CPU.ActiveCfg = Release|Any CPU
		{51595D04-9DA7-4C5E-BB96-9E01B4BB5BF6}.Release|Any CPU.Build.0 = Release|Any CPU
		{51595D04-9DA7-4C5E-BB96-9E01B4BB5BF6}.Release|ARM.ActiveCfg = Release|ARM
		{51595D04-9DA7-4C5E-BB96-9E01B4BB5BF6}.Release|ARM.Build.0 = Release|ARM
		{51595D04-9DA7-4C5E-BB96-9E01B4BB5BF6}.Release|x86.ActiveCfg = Release|x86
		{51595D04-9DA7-4C5E-BB96-9E01B4BB5BF6}.Release|x86.Build.0 = Release|x86
		{09E48BBE-2BA6-4099-B215-DE2986C4AFEB}.Debug|Any CPU.ActiveCfg = Debug|Any CPU
		{09E48BBE-2BA6-4099-B215-DE2986C4AFEB}.Debug|Any CPU.Build.0 = Debug|Any CPU
		{09E48BBE-2BA6-4099-B215-DE2986C4AFEB}.Debug|Any CPU.Deploy.0 = Debug|Any CPU
		{09E48BBE-2BA6-4099-B215-DE2986C4AFEB}.Debug|ARM.ActiveCfg = Debug|ARM
		{09E48BBE-2BA6-4099-B215-DE2986C4AFEB}.Debug|ARM.Build.0 = Debug|ARM
		{09E48BBE-2BA6-4099-B215-DE2986C4AFEB}.Debug|ARM.Deploy.0 = Debug|ARM
		{09E48BBE-2BA6-4099-B215-DE2986C4AFEB}.Debug|x86.ActiveCfg = Debug|x86
		{09E48BBE-2BA6-4099-B215-DE2986C4AFEB}.Debug|x86.Build.0 = Debug|x86
		{09E48BBE-2BA6-4099-B215-DE2986C4AFEB}.Debug|x86.Deploy.0 = Debug|x86
		{09E48BBE-2BA6-4099-B215-DE2986C4AFEB}.Release|Any CPU.ActiveCfg = Release|Any CPU
		{09E48BBE-2BA6-4099-B215-DE2986C4AFEB}.Release|Any CPU.Build.0 = Release|Any CPU
		{09E48BBE-2BA6-4099-B215-DE2986C4AFEB}.Release|Any CPU.Deploy.0 = Release|Any CPU
		{09E48BBE-2BA6-4099-B215-DE2986C4AFEB}.Release|ARM.ActiveCfg = Release|ARM
		{09E48BBE-2BA6-4099-B215-DE2986C4AFEB}.Release|ARM.Build.0 = Release|ARM
		{09E48BBE-2BA6-4099-B215-DE2986C4AFEB}.Release|ARM.Deploy.0 = Release|ARM
		{09E48BBE-2BA6-4099-B215-DE2986C4AFEB}.Release|x86.ActiveCfg = Release|x86
		{09E48BBE-2BA6-4099-B215-DE2986C4AFEB}.Release|x86.Build.0 = Release|x86
		{09E48BBE-2BA6-4099-B215-DE2986C4AFEB}.Release|x86.Deploy.0 = Release|x86
		{A5F1800E-043C-4DF3-A6DC-494C8A2F001E}.Debug|Any CPU.ActiveCfg = Debug|Any CPU
		{A5F1800E-043C-4DF3-A6DC-494C8A2F001E}.Debug|Any CPU.Build.0 = Debug|Any CPU
		{A5F1800E-043C-4DF3-A6DC-494C8A2F001E}.Debug|ARM.ActiveCfg = Debug|ARM
		{A5F1800E-043C-4DF3-A6DC-494C8A2F001E}.Debug|ARM.Build.0 = Debug|ARM
		{A5F1800E-043C-4DF3-A6DC-494C8A2F001E}.Debug|x86.ActiveCfg = Debug|x86
		{A5F1800E-043C-4DF3-A6DC-494C8A2F001E}.Debug|x86.Build.0 = Debug|x86
		{A5F1800E-043C-4DF3-A6DC-494C8A2F001E}.Release|Any CPU.ActiveCfg = Release|Any CPU
		{A5F1800E-043C-4DF3-A6DC-494C8A2F001E}.Release|Any CPU.Build.0 = Release|Any CPU
		{A5F1800E-043C-4DF3-A6DC-494C8A2F001E}.Release|ARM.ActiveCfg = Release|ARM
		{A5F1800E-043C-4DF3-A6DC-494C8A2F001E}.Release|ARM.Build.0 = Release|ARM
		{A5F1800E-043C-4DF3-A6DC-494C8A2F001E}.Release|x86.ActiveCfg = Release|x86
		{A5F1800E-043C-4DF3-A6DC-494C8A2F001E}.Release|x86.Build.0 = Release|x86
	EndGlobalSection
	GlobalSection(SolutionProperties) = preSolution
		HideSolutionNode = FALSE
	EndGlobalSection
EndGlobal
