
Microsoft Visual Studio Solution File, Format Version 11.00
# Visual Studio 2010 Express for Windows Phone
Project("{FAE04EC0-301F-11D3-BF4B-00C04F79EFBC}") = "WhatsShakingNZ", "WhatsShakingNZ\WhatsShakingNZ.csproj", "{CC421D2A-665C-41C3-9AE1-85E85CBC0D37}"
EndProject
Project("{FAE04EC0-301F-11D3-BF4B-00C04F79EFBC}") = "ScheduledTaskAgent1", "ScheduledTaskAgent1\ScheduledTaskAgent1.csproj", "{9A13DCDD-7C15-4D21-8A60-775D5DADC9FC}"
EndProject
Project("{FAE04EC0-301F-11D3-BF4B-00C04F79EFBC}") = "GeonetHelper", "GeonetHelper\GeonetHelper.csproj", "{4321B8F9-A2FE-4751-85FB-F2C29F368301}"
EndProject
Project("{FAE04EC0-301F-11D3-BF4B-00C04F79EFBC}") = "Settings", "Settings\Settings.csproj", "{BCEFF84C-A535-4556-AA0D-B88F8C258F93}"
EndProject
Project("{FAE04EC0-301F-11D3-BF4B-00C04F79EFBC}") = "Localization", "Localization\Localization.csproj", "{51595D04-9DA7-4C5E-BB96-9E01B4BB5BF6}"
EndProject
Global
	GlobalSection(SolutionConfigurationPlatforms) = preSolution
		Debug|Any CPU = Debug|Any CPU
		Release|Any CPU = Release|Any CPU
	EndGlobalSection
	GlobalSection(ProjectConfigurationPlatforms) = postSolution
		{CC421D2A-665C-41C3-9AE1-85E85CBC0D37}.Debug|Any CPU.ActiveCfg = Debug|Any CPU
		{CC421D2A-665C-41C3-9AE1-85E85CBC0D37}.Debug|Any CPU.Build.0 = Debug|Any CPU
		{CC421D2A-665C-41C3-9AE1-85E85CBC0D37}.Debug|Any CPU.Deploy.0 = Debug|Any CPU
		{CC421D2A-665C-41C3-9AE1-85E85CBC0D37}.Release|Any CPU.ActiveCfg = Release|Any CPU
		{CC421D2A-665C-41C3-9AE1-85E85CBC0D37}.Release|Any CPU.Build.0 = Release|Any CPU
		{CC421D2A-665C-41C3-9AE1-85E85CBC0D37}.Release|Any CPU.Deploy.0 = Release|Any CPU
		{9A13DCDD-7C15-4D21-8A60-775D5DADC9FC}.Debug|Any CPU.ActiveCfg = Debug|Any CPU
		{9A13DCDD-7C15-4D21-8A60-775D5DADC9FC}.Debug|Any CPU.Build.0 = Debug|Any CPU
		{9A13DCDD-7C15-4D21-8A60-775D5DADC9FC}.Release|Any CPU.ActiveCfg = Release|Any CPU
		{9A13DCDD-7C15-4D21-8A60-775D5DADC9FC}.Release|Any CPU.Build.0 = Release|Any CPU
		{4321B8F9-A2FE-4751-85FB-F2C29F368301}.Debug|Any CPU.ActiveCfg = Debug|Any CPU
		{4321B8F9-A2FE-4751-85FB-F2C29F368301}.Debug|Any CPU.Build.0 = Debug|Any CPU
		{4321B8F9-A2FE-4751-85FB-F2C29F368301}.Release|Any CPU.ActiveCfg = Release|Any CPU
		{4321B8F9-A2FE-4751-85FB-F2C29F368301}.Release|Any CPU.Build.0 = Release|Any CPU
		{BCEFF84C-A535-4556-AA0D-B88F8C258F93}.Debug|Any CPU.ActiveCfg = Debug|Any CPU
		{BCEFF84C-A535-4556-AA0D-B88F8C258F93}.Debug|Any CPU.Build.0 = Debug|Any CPU
		{BCEFF84C-A535-4556-AA0D-B88F8C258F93}.Release|Any CPU.ActiveCfg = Release|Any CPU
		{BCEFF84C-A535-4556-AA0D-B88F8C258F93}.Release|Any CPU.Build.0 = Release|Any CPU
		{51595D04-9DA7-4C5E-BB96-9E01B4BB5BF6}.Debug|Any CPU.ActiveCfg = Debug|Any CPU
		{51595D04-9DA7-4C5E-BB96-9E01B4BB5BF6}.Debug|Any CPU.Build.0 = Debug|Any CPU
		{51595D04-9DA7-4C5E-BB96-9E01B4BB5BF6}.Release|Any CPU.ActiveCfg = Release|Any CPU
		{51595D04-9DA7-4C5E-BB96-9E01B4BB5BF6}.Release|Any CPU.Build.0 = Release|Any CPU
	EndGlobalSection
	GlobalSection(SolutionProperties) = preSolution
		HideSolutionNode = FALSE
	EndGlobalSection
EndGlobal
